
Microsoft Visual Studio Solution File, Format Version 12.00
# Visual Studio Version 17
VisualStudioVersion = 17.11.35303.130
MinimumVisualStudioVersion = 10.0.40219.1
Project("{2150E333-8FDC-42A3-9474-1A3956D46DE8}") = "Task0", "Task0", "{DEB570E5-F545-4FC3-95F3-0D6E49411AC0}"
EndProject
Project("{9A19103F-16F7-4668-BE54-9A1E7A4F7556}") = "Tyuiu.ShmelevAV.Sprint1.Task0.V1", "Tyuiu.ShmelevAV.Sprint1.Task0.V1\Tyuiu.ShmelevAV.Sprint1.Task0.V1.csproj", "{9D8D9685-8D19-46D6-B5C1-30E11ADC485F}"
EndProject
Project("{9A19103F-16F7-4668-BE54-9A1E7A4F7556}") = "Tyuiu.ShmelevAV.Sprint1.Task0.V1.Test", "Tyuiu.ShmelevAV.Sprint1.Task0.V1.Test\Tyuiu.ShmelevAV.Sprint1.Task0.V1.Test.csproj", "{C5A50985-6624-4635-9B9A-1A6D36F14CC4}"
EndProject
Project("{9A19103F-16F7-4668-BE54-9A1E7A4F7556}") = "Tyuiu.ShmelevAV.Sprint1.Task0.V1.Lib", "Tyuiu.ShmelevAV.Sprint1.Task0.V1.Lib\Tyuiu.ShmelevAV.Sprint1.Task0.V1.Lib.csproj", "{F6FC6657-BD79-461A-9846-0E4515C3DE0A}"
EndProject
Project("{2150E333-8FDC-42A3-9474-1A3956D46DE8}") = "Task1", "Task1", "{9DD8CEDF-25F8-4B97-A73A-AECFFD73BAF2}"
EndProject
Project("{9A19103F-16F7-4668-BE54-9A1E7A4F7556}") = "Tyuiu.ShmelevAV.Sprint1.Task1.V24", "Tyuiu.ShmelevAV.Sprint1.Task1.V24\Tyuiu.ShmelevAV.Sprint1.Task1.V24.csproj", "{C008DB90-FEF9-4A48-9541-1CF8E64DD9D2}"
EndProject
Project("{9A19103F-16F7-4668-BE54-9A1E7A4F7556}") = "Tyuiu.ShmelevAV.Sprint1.Task1.V24.Lib", "Tyuiu.ShmelevAV.Sprint1.Task1.V24.Lib\Tyuiu.ShmelevAV.Sprint1.Task1.V24.Lib.csproj", "{2E307FF1-3F3C-445B-AB01-7772844ED624}"
EndProject
Project("{9A19103F-16F7-4668-BE54-9A1E7A4F7556}") = "Tyuiu.ShmelevAV.Sprint1.Task1.V24.Test", "Tyuiu.ShmelevAV.Sprint1.Task1.V24.Test\Tyuiu.ShmelevAV.Sprint1.Task1.V24.Test.csproj", "{97B10F1B-10BB-4B48-BF88-3FED228DB7CB}"
EndProject
Project("{2150E333-8FDC-42A3-9474-1A3956D46DE8}") = "Task2", "Task2", "{FBEE53CB-8D82-49D6-B76F-F5B2F09CF9DA}"
EndProject
Project("{9A19103F-16F7-4668-BE54-9A1E7A4F7556}") = "Tyuiu.ShmelevAV.Sprint1.Task2.V5", "Tyuiu.ShmelevAV.Sprint1.Task2.V5\Tyuiu.ShmelevAV.Sprint1.Task2.V5.csproj", "{C93132E8-EEC3-4815-9017-471198A40709}"
EndProject
Project("{9A19103F-16F7-4668-BE54-9A1E7A4F7556}") = "Tyuiu.ShmelevAV.Sprint1.Task2.V5.Lib", "Tyuiu.ShmelevAV.Sprint1.Task2.V5.Lib\Tyuiu.ShmelevAV.Sprint1.Task2.V5.Lib.csproj", "{D8184A7F-3744-498B-A3CC-AD9D26D01E25}"
EndProject
Project("{9A19103F-16F7-4668-BE54-9A1E7A4F7556}") = "Tyuiu.ShmelevAV.Sprint1.Task2.V5.Test", "Tyuiu.ShmelevAV.Sprint1.Task2.V5.Test\Tyuiu.ShmelevAV.Sprint1.Task2.V5.Test.csproj", "{B1599BF8-E131-47FC-AA87-3B67D9D85459}"
EndProject
Project("{2150E333-8FDC-42A3-9474-1A3956D46DE8}") = "Task3", "Task3", "{6B5FEEBC-BA22-44BC-87E3-CD40D18C6EA7}"
EndProject
Project("{FAE04EC0-301F-11D3-BF4B-00C04F79EFBC}") = "Tyuiu.ShmelevAV.Sprint1.Task3.V15", "Tyuiu.ShmelevAV.Sprint1.Task3.V15\Tyuiu.ShmelevAV.Sprint1.Task3.V15.csproj", "{DD949E31-94C1-4E24-AE20-DDDA52EEC3C9}"
EndProject
Project("{FAE04EC0-301F-11D3-BF4B-00C04F79EFBC}") = "Tyuiu.ShmelevAV.Sprint1.Task3.V15.Lib", "Tyuiu.ShmelevAV.Sprint1.Task3.V15.Lib\Tyuiu.ShmelevAV.Sprint1.Task3.V15.Lib.csproj", "{2123289D-2280-4418-9709-341A9E25EAB1}"
EndProject
Project("{FAE04EC0-301F-11D3-BF4B-00C04F79EFBC}") = "Tyuiu.ShmelevAV.Sprint1.Task3.V15.Test", "Tyuiu.ShmelevAV.Sprint1.Task3.V15.Test\Tyuiu.ShmelevAV.Sprint1.Task3.V15.Test.csproj", "{9812709A-D928-4314-9DED-009EC5C81D6B}"
EndProject
Global
	GlobalSection(SolutionConfigurationPlatforms) = preSolution
		Debug|Any CPU = Debug|Any CPU
		Release|Any CPU = Release|Any CPU
	EndGlobalSection
	GlobalSection(ProjectConfigurationPlatforms) = postSolution
		{9D8D9685-8D19-46D6-B5C1-30E11ADC485F}.Debug|Any CPU.ActiveCfg = Debug|Any CPU
		{9D8D9685-8D19-46D6-B5C1-30E11ADC485F}.Debug|Any CPU.Build.0 = Debug|Any CPU
		{9D8D9685-8D19-46D6-B5C1-30E11ADC485F}.Release|Any CPU.ActiveCfg = Release|Any CPU
		{9D8D9685-8D19-46D6-B5C1-30E11ADC485F}.Release|Any CPU.Build.0 = Release|Any CPU
		{C5A50985-6624-4635-9B9A-1A6D36F14CC4}.Debug|Any CPU.ActiveCfg = Debug|Any CPU
		{C5A50985-6624-4635-9B9A-1A6D36F14CC4}.Debug|Any CPU.Build.0 = Debug|Any CPU
		{C5A50985-6624-4635-9B9A-1A6D36F14CC4}.Release|Any CPU.ActiveCfg = Release|Any CPU
		{C5A50985-6624-4635-9B9A-1A6D36F14CC4}.Release|Any CPU.Build.0 = Release|Any CPU
		{F6FC6657-BD79-461A-9846-0E4515C3DE0A}.Debug|Any CPU.ActiveCfg = Debug|Any CPU
		{F6FC6657-BD79-461A-9846-0E4515C3DE0A}.Debug|Any CPU.Build.0 = Debug|Any CPU
		{F6FC6657-BD79-461A-9846-0E4515C3DE0A}.Release|Any CPU.ActiveCfg = Release|Any CPU
		{F6FC6657-BD79-461A-9846-0E4515C3DE0A}.Release|Any CPU.Build.0 = Release|Any CPU
		{C008DB90-FEF9-4A48-9541-1CF8E64DD9D2}.Debug|Any CPU.ActiveCfg = Debug|Any CPU
		{C008DB90-FEF9-4A48-9541-1CF8E64DD9D2}.Debug|Any CPU.Build.0 = Debug|Any CPU
		{C008DB90-FEF9-4A48-9541-1CF8E64DD9D2}.Release|Any CPU.ActiveCfg = Release|Any CPU
		{C008DB90-FEF9-4A48-9541-1CF8E64DD9D2}.Release|Any CPU.Build.0 = Release|Any CPU
		{2E307FF1-3F3C-445B-AB01-7772844ED624}.Debug|Any CPU.ActiveCfg = Debug|Any CPU
		{2E307FF1-3F3C-445B-AB01-7772844ED624}.Debug|Any CPU.Build.0 = Debug|Any CPU
		{2E307FF1-3F3C-445B-AB01-7772844ED624}.Release|Any CPU.ActiveCfg = Release|Any CPU
		{2E307FF1-3F3C-445B-AB01-7772844ED624}.Release|Any CPU.Build.0 = Release|Any CPU
		{97B10F1B-10BB-4B48-BF88-3FED228DB7CB}.Debug|Any CPU.ActiveCfg = Debug|Any CPU
		{97B10F1B-10BB-4B48-BF88-3FED228DB7CB}.Debug|Any CPU.Build.0 = Debug|Any CPU
		{97B10F1B-10BB-4B48-BF88-3FED228DB7CB}.Release|Any CPU.ActiveCfg = Release|Any CPU
		{97B10F1B-10BB-4B48-BF88-3FED228DB7CB}.Release|Any CPU.Build.0 = Release|Any CPU
		{C93132E8-EEC3-4815-9017-471198A40709}.Debug|Any CPU.ActiveCfg = Debug|Any CPU
		{C93132E8-EEC3-4815-9017-471198A40709}.Debug|Any CPU.Build.0 = Debug|Any CPU
		{C93132E8-EEC3-4815-9017-471198A40709}.Release|Any CPU.ActiveCfg = Release|Any CPU
		{C93132E8-EEC3-4815-9017-471198A40709}.Release|Any CPU.Build.0 = Release|Any CPU
		{D8184A7F-3744-498B-A3CC-AD9D26D01E25}.Debug|Any CPU.ActiveCfg = Debug|Any CPU
		{D8184A7F-3744-498B-A3CC-AD9D26D01E25}.Debug|Any CPU.Build.0 = Debug|Any CPU
		{D8184A7F-3744-498B-A3CC-AD9D26D01E25}.Release|Any CPU.ActiveCfg = Release|Any CPU
		{D8184A7F-3744-498B-A3CC-AD9D26D01E25}.Release|Any CPU.Build.0 = Release|Any CPU
		{B1599BF8-E131-47FC-AA87-3B67D9D85459}.Debug|Any CPU.ActiveCfg = Debug|Any CPU
		{B1599BF8-E131-47FC-AA87-3B67D9D85459}.Debug|Any CPU.Build.0 = Debug|Any CPU
		{B1599BF8-E131-47FC-AA87-3B67D9D85459}.Release|Any CPU.ActiveCfg = Release|Any CPU
		{B1599BF8-E131-47FC-AA87-3B67D9D85459}.Release|Any CPU.Build.0 = Release|Any CPU
		{DD949E31-94C1-4E24-AE20-DDDA52EEC3C9}.Debug|Any CPU.ActiveCfg = Debug|Any CPU
		{DD949E31-94C1-4E24-AE20-DDDA52EEC3C9}.Debug|Any CPU.Build.0 = Debug|Any CPU
		{DD949E31-94C1-4E24-AE20-DDDA52EEC3C9}.Release|Any CPU.ActiveCfg = Release|Any CPU
		{DD949E31-94C1-4E24-AE20-DDDA52EEC3C9}.Release|Any CPU.Build.0 = Release|Any CPU
		{2123289D-2280-4418-9709-341A9E25EAB1}.Debug|Any CPU.ActiveCfg = Debug|Any CPU
		{2123289D-2280-4418-9709-341A9E25EAB1}.Debug|Any CPU.Build.0 = Debug|Any CPU
		{2123289D-2280-4418-9709-341A9E25EAB1}.Release|Any CPU.ActiveCfg = Release|Any CPU
		{2123289D-2280-4418-9709-341A9E25EAB1}.Release|Any CPU.Build.0 = Release|Any CPU
		{9812709A-D928-4314-9DED-009EC5C81D6B}.Debug|Any CPU.ActiveCfg = Debug|Any CPU
		{9812709A-D928-4314-9DED-009EC5C81D6B}.Debug|Any CPU.Build.0 = Debug|Any CPU
		{9812709A-D928-4314-9DED-009EC5C81D6B}.Release|Any CPU.ActiveCfg = Release|Any CPU
		{9812709A-D928-4314-9DED-009EC5C81D6B}.Release|Any CPU.Build.0 = Release|Any CPU
	EndGlobalSection
	GlobalSection(SolutionProperties) = preSolution
		HideSolutionNode = FALSE
	EndGlobalSection
	GlobalSection(NestedProjects) = preSolution
		{9D8D9685-8D19-46D6-B5C1-30E11ADC485F} = {DEB570E5-F545-4FC3-95F3-0D6E49411AC0}
		{C5A50985-6624-4635-9B9A-1A6D36F14CC4} = {DEB570E5-F545-4FC3-95F3-0D6E49411AC0}
		{F6FC6657-BD79-461A-9846-0E4515C3DE0A} = {DEB570E5-F545-4FC3-95F3-0D6E49411AC0}
		{C008DB90-FEF9-4A48-9541-1CF8E64DD9D2} = {9DD8CEDF-25F8-4B97-A73A-AECFFD73BAF2}
		{2E307FF1-3F3C-445B-AB01-7772844ED624} = {9DD8CEDF-25F8-4B97-A73A-AECFFD73BAF2}
		{97B10F1B-10BB-4B48-BF88-3FED228DB7CB} = {9DD8CEDF-25F8-4B97-A73A-AECFFD73BAF2}
		{C93132E8-EEC3-4815-9017-471198A40709} = {FBEE53CB-8D82-49D6-B76F-F5B2F09CF9DA}
		{D8184A7F-3744-498B-A3CC-AD9D26D01E25} = {FBEE53CB-8D82-49D6-B76F-F5B2F09CF9DA}
		{B1599BF8-E131-47FC-AA87-3B67D9D85459} = {FBEE53CB-8D82-49D6-B76F-F5B2F09CF9DA}
		{DD949E31-94C1-4E24-AE20-DDDA52EEC3C9} = {6B5FEEBC-BA22-44BC-87E3-CD40D18C6EA7}
		{2123289D-2280-4418-9709-341A9E25EAB1} = {6B5FEEBC-BA22-44BC-87E3-CD40D18C6EA7}
		{9812709A-D928-4314-9DED-009EC5C81D6B} = {6B5FEEBC-BA22-44BC-87E3-CD40D18C6EA7}
	EndGlobalSection
	GlobalSection(ExtensibilityGlobals) = postSolution
		SolutionGuid = {EA82540B-E4FC-427F-A5B2-00BE5B136624}
	EndGlobalSection
EndGlobal
